
Microsoft Visual Studio Solution File, Format Version 12.00
# Visual Studio Version 17
VisualStudioVersion = 17.2.32630.192
MinimumVisualStudioVersion = 10.0.40219.1
Project("{888888A0-9F3D-457C-B088-3A5042F75D52}") = "ffmstitchtest", "ffmstitchtest\ffmstitchtest.pyproj", "{6026571F-044A-473B-B9B4-3BF49588BCA8}"
EndProject
Global
	GlobalSection(SolutionConfigurationPlatforms) = preSolution
		Debug|Any CPU = Debug|Any CPU
		Release|Any CPU = Release|Any CPU
	EndGlobalSection
	GlobalSection(ProjectConfigurationPlatforms) = postSolution
		{6026571F-044A-473B-B9B4-3BF49588BCA8}.Debug|Any CPU.ActiveCfg = Debug|Any CPU
		{6026571F-044A-473B-B9B4-3BF49588BCA8}.Release|Any CPU.ActiveCfg = Release|Any CPU
	EndGlobalSection
	GlobalSection(SolutionProperties) = preSolution
		HideSolutionNode = FALSE
	EndGlobalSection
	GlobalSection(ExtensibilityGlobals) = postSolution
		SolutionGuid = {902EDE65-07F4-4CA6-AD6D-F39FC43663D8}
	EndGlobalSection
EndGlobal
