
Microsoft Visual Studio Solution File, Format Version 12.00
# Visual Studio Version 17
VisualStudioVersion = 17.2.32630.192
MinimumVisualStudioVersion = 10.0.40219.1
Project("{888888A0-9F3D-457C-B088-3A5042F75D52}") = "Audioworks", "Audioworks\Audioworks.pyproj", "{4256C467-BF16-4BED-8749-CFDF9CD7D588}"
EndProject
Project("{9A19103F-16F7-4668-BE54-9A1E7A4F7556}") = "expovgen_cli", "expovgen_cli\expovgen_cli.csproj", "{A17378A1-07FB-4646-8846-963F081CDB9A}"
EndProject
Project("{FAE04EC0-301F-11D3-BF4B-00C04F79EFBC}") = "Libexpovgen", "Libexpovgen\Libexpovgen.csproj", "{75395987-744A-4CDA-8078-84293752F70A}"
EndProject
Global
	GlobalSection(SolutionConfigurationPlatforms) = preSolution
		Debug|Any CPU = Debug|Any CPU
		Release|Any CPU = Release|Any CPU
	EndGlobalSection
	GlobalSection(ProjectConfigurationPlatforms) = postSolution
		{4256C467-BF16-4BED-8749-CFDF9CD7D588}.Debug|Any CPU.ActiveCfg = Debug|Any CPU
		{4256C467-BF16-4BED-8749-CFDF9CD7D588}.Release|Any CPU.ActiveCfg = Release|Any CPU
		{A17378A1-07FB-4646-8846-963F081CDB9A}.Debug|Any CPU.ActiveCfg = Debug|Any CPU
		{A17378A1-07FB-4646-8846-963F081CDB9A}.Debug|Any CPU.Build.0 = Debug|Any CPU
		{A17378A1-07FB-4646-8846-963F081CDB9A}.Release|Any CPU.ActiveCfg = Release|Any CPU
		{A17378A1-07FB-4646-8846-963F081CDB9A}.Release|Any CPU.Build.0 = Release|Any CPU
		{75395987-744A-4CDA-8078-84293752F70A}.Debug|Any CPU.ActiveCfg = Debug|Any CPU
		{75395987-744A-4CDA-8078-84293752F70A}.Debug|Any CPU.Build.0 = Debug|Any CPU
		{75395987-744A-4CDA-8078-84293752F70A}.Release|Any CPU.ActiveCfg = Release|Any CPU
		{75395987-744A-4CDA-8078-84293752F70A}.Release|Any CPU.Build.0 = Release|Any CPU
	EndGlobalSection
	GlobalSection(SolutionProperties) = preSolution
		HideSolutionNode = FALSE
	EndGlobalSection
	GlobalSection(ExtensibilityGlobals) = postSolution
		SolutionGuid = {9925F815-7812-4B3B-B07D-E2061C3D45C1}
	EndGlobalSection
EndGlobal
